// !$*UTF8*$!
{
	archiveVersion = 1;
	classes = {
	};
	objectVersion = 56;
	objects = {

/* Begin PBXBuildFile section */
		1E91F598B1F71A5FE23CF1DD /* Pods_SportifyTests.framework in Frameworks */ = {isa = PBXBuildFile; fileRef = E3DE138ADFF0626F7DA6A8F9 /* Pods_SportifyTests.framework */; };
		8108C23E2DE8379A0031F309 /* AppDelegate.swift in Sources */ = {isa = PBXBuildFile; fileRef = 8108C23D2DE8379A0031F309 /* AppDelegate.swift */; };
		8108C2402DE8379A0031F309 /* SceneDelegate.swift in Sources */ = {isa = PBXBuildFile; fileRef = 8108C23F2DE8379A0031F309 /* SceneDelegate.swift */; };
		8108C2422DE8379A0031F309 /* ViewController.swift in Sources */ = {isa = PBXBuildFile; fileRef = 8108C2412DE8379A0031F309 /* ViewController.swift */; };
		8108C2452DE8379A0031F309 /* Main.storyboard in Resources */ = {isa = PBXBuildFile; fileRef = 8108C2432DE8379A0031F309 /* Main.storyboard */; };
		8108C2482DE8379A0031F309 /* Sportify.xcdatamodeld in Sources */ = {isa = PBXBuildFile; fileRef = 8108C2462DE8379A0031F309 /* Sportify.xcdatamodeld */; };
		8108C24A2DE8379E0031F309 /* Assets.xcassets in Resources */ = {isa = PBXBuildFile; fileRef = 8108C2492DE8379E0031F309 /* Assets.xcassets */; };
		8108C24D2DE8379E0031F309 /* LaunchScreen.storyboard in Resources */ = {isa = PBXBuildFile; fileRef = 8108C24B2DE8379E0031F309 /* LaunchScreen.storyboard */; };
		8108C2582DE8379F0031F309 /* SportifyTests.swift in Sources */ = {isa = PBXBuildFile; fileRef = 8108C2572DE8379F0031F309 /* SportifyTests.swift */; };
		8108C2622DE8379F0031F309 /* SportifyUITests.swift in Sources */ = {isa = PBXBuildFile; fileRef = 8108C2612DE8379F0031F309 /* SportifyUITests.swift */; };
		8108C2642DE8379F0031F309 /* SportifyUITestsLaunchTests.swift in Sources */ = {isa = PBXBuildFile; fileRef = 8108C2632DE8379F0031F309 /* SportifyUITestsLaunchTests.swift */; };
		810F53582DEB5B8E0008372D /* TeamsCollectionViewCell.swift in Sources */ = {isa = PBXBuildFile; fileRef = 810F53562DEB5B8E0008372D /* TeamsCollectionViewCell.swift */; };
		810F53592DEB5B8E0008372D /* TeamsCollectionViewCell.xib in Resources */ = {isa = PBXBuildFile; fileRef = 810F53572DEB5B8E0008372D /* TeamsCollectionViewCell.xib */; };
		810F535B2DEB699D0008372D /* LeagueDetailsPresenter.swift in Sources */ = {isa = PBXBuildFile; fileRef = 810F535A2DEB699D0008372D /* LeagueDetailsPresenter.swift */; };
		81251CE62DEDFA2C0079398D /* Fixture.swift in Sources */ = {isa = PBXBuildFile; fileRef = 8137E8802DEB9C0800124EE5 /* Fixture.swift */; };
		81251CE72DEDFA320079398D /* Team.swift in Sources */ = {isa = PBXBuildFile; fileRef = 81306D312DE9DCFE00218697 /* Team.swift */; };
		81251CE82DEDFA350079398D /* League.swift in Sources */ = {isa = PBXBuildFile; fileRef = 81E4EC6A2DE9BD8B00AB7D9A /* League.swift */; };
		81251CE92DEDFA3A0079398D /* LeageuLocal.swift in Sources */ = {isa = PBXBuildFile; fileRef = BE7D1F9E2DECC78C00D88A0F /* LeageuLocal.swift */; };
		81251CEA2DEDFA3F0079398D /* ApiResponse.swift in Sources */ = {isa = PBXBuildFile; fileRef = 81306D332DE9E72500218697 /* ApiResponse.swift */; };
		81251CEB2DEDFA5D0079398D /* NetworkService.swift in Sources */ = {isa = PBXBuildFile; fileRef = BE02A6142DEA20D00077CC9E /* NetworkService.swift */; };
		81251CEC2DEDFB760079398D /* Constant.swift in Sources */ = {isa = PBXBuildFile; fileRef = BE02A6162DEA21010077CC9E /* Constant.swift */; };
		81251CEF2DEE22C40079398D /* NetworkManager.swift in Sources */ = {isa = PBXBuildFile; fileRef = 81251CEE2DEE22C40079398D /* NetworkManager.swift */; };
		81306D322DE9DCFE00218697 /* Team.swift in Sources */ = {isa = PBXBuildFile; fileRef = 81306D312DE9DCFE00218697 /* Team.swift */; };
		81306D342DE9E72500218697 /* ApiResponse.swift in Sources */ = {isa = PBXBuildFile; fileRef = 81306D332DE9E72500218697 /* ApiResponse.swift */; };
		81306D442DEA6A4400218697 /* HomePresenter.swift in Sources */ = {isa = PBXBuildFile; fileRef = 81306D432DEA6A4400218697 /* HomePresenter.swift */; };
		81306D462DEA6A7200218697 /* HomeScreen.storyboard in Resources */ = {isa = PBXBuildFile; fileRef = 81306D452DEA6A7200218697 /* HomeScreen.storyboard */; };
		81306D492DEA6AE000218697 /* HomeCollectionViewCell.swift in Sources */ = {isa = PBXBuildFile; fileRef = 81306D472DEA6AE000218697 /* HomeCollectionViewCell.swift */; };
		81306D4A2DEA6AE000218697 /* HomeCollectionViewCell.xib in Resources */ = {isa = PBXBuildFile; fileRef = 81306D482DEA6AE000218697 /* HomeCollectionViewCell.xib */; };
		81306D4C2DEA6EE800218697 /* HomeCollectionViewController.swift in Sources */ = {isa = PBXBuildFile; fileRef = 81306D4B2DEA6EE800218697 /* HomeCollectionViewController.swift */; };
		81306D4F2DEA72F200218697 /* SportItem .swift in Sources */ = {isa = PBXBuildFile; fileRef = 81306D4E2DEA72F200218697 /* SportItem .swift */; };
		8137E8812DEB9C0800124EE5 /* Fixture.swift in Sources */ = {isa = PBXBuildFile; fileRef = 8137E8802DEB9C0800124EE5 /* Fixture.swift */; };
		81566FD32DEF220B0008F652 /* UIViewController+Alert.swift in Sources */ = {isa = PBXBuildFile; fileRef = 81566FD22DEF220B0008F652 /* UIViewController+Alert.swift */; };
		818EB9752DF0913C002A6EAA /* FakeNetworkService.swift in Sources */ = {isa = PBXBuildFile; fileRef = 818EB9742DF0913C002A6EAA /* FakeNetworkService.swift */; };
		818EB9772DF0913C002A6EAA /* MockReachability.swift in Sources */ = {isa = PBXBuildFile; fileRef = 818EB9762DF0913C002A6EAA /* MockReachability.swift */; };
		81C87E822DEB24DC006851DB /* LeagueDetailsScreen.storyboard in Resources */ = {isa = PBXBuildFile; fileRef = 81C87E812DEB24DC006851DB /* LeagueDetailsScreen.storyboard */; };
		81C87E842DEB2578006851DB /* DetailsCollectionViewController.swift in Sources */ = {isa = PBXBuildFile; fileRef = 81C87E832DEB2578006851DB /* DetailsCollectionViewController.swift */; };
		81C87E872DEB3994006851DB /* UpcomingCollectionViewCell.swift in Sources */ = {isa = PBXBuildFile; fileRef = 81C87E852DEB3994006851DB /* UpcomingCollectionViewCell.swift */; };
		81C87E882DEB3994006851DB /* UpcomingCollectionViewCell.xib in Resources */ = {isa = PBXBuildFile; fileRef = 81C87E862DEB3994006851DB /* UpcomingCollectionViewCell.xib */; };
		81C87E912DEB5260006851DB /* LatestCollectionViewCell.swift in Sources */ = {isa = PBXBuildFile; fileRef = 81C87E8F2DEB5260006851DB /* LatestCollectionViewCell.swift */; };
		81C87E922DEB5260006851DB /* LatestCollectionViewCell.xib in Resources */ = {isa = PBXBuildFile; fileRef = 81C87E902DEB5260006851DB /* LatestCollectionViewCell.xib */; };
		81D6AB0E2DEAA89A0029DE4B /* CustomTabBarController.swift in Sources */ = {isa = PBXBuildFile; fileRef = 81D6AB0D2DEAA89A0029DE4B /* CustomTabBarController.swift */; };
		81D6AB142DEACB440029DE4B /* SportsEnum.swift in Sources */ = {isa = PBXBuildFile; fileRef = 81D6AB132DEACB440029DE4B /* SportsEnum.swift */; };
		81D6AB162DEACD410029DE4B /* APIMethods.swift in Sources */ = {isa = PBXBuildFile; fileRef = 81D6AB152DEACD410029DE4B /* APIMethods.swift */; };
		81DAA1242DF0970500453C36 /* Gif.swift in Sources */ = {isa = PBXBuildFile; fileRef = BE6BAC012DEF84DE004A52A4 /* Gif.swift */; };
		81DAA1262DF09BB400453C36 /* OnBoardingSlidesViewController.swift in Sources */ = {isa = PBXBuildFile; fileRef = 81DAA1252DF09BB400453C36 /* OnBoardingSlidesViewController.swift */; };
		81DAA1282DF09C2000453C36 /* OnBoardingViewController.swift in Sources */ = {isa = PBXBuildFile; fileRef = 81DAA1272DF09C2000453C36 /* OnBoardingViewController.swift */; };
		81DAA12B2DF0F04500453C36 /* TeamMemberType.swift in Sources */ = {isa = PBXBuildFile; fileRef = BEC0A3DA2DF0863F00DD9F35 /* TeamMemberType.swift */; };
		81DAA12E2DF101D900453C36 /* UIImage+Resize.swift in Sources */ = {isa = PBXBuildFile; fileRef = 81DAA12D2DF101D900453C36 /* UIImage+Resize.swift */; };
		81DBDED72DE8948100F1B6F4 /* OnBoardingScreen.storyboard in Resources */ = {isa = PBXBuildFile; fileRef = 81DBDED62DE8948100F1B6F4 /* OnBoardingScreen.storyboard */; };
		81DBDEDB2DE898A400F1B6F4 /* OnBoardingSlides.swift in Sources */ = {isa = PBXBuildFile; fileRef = 81DBDEDA2DE898A400F1B6F4 /* OnBoardingSlides.swift */; };
		81DBDEE52DE8B09800F1B6F4 /* splash.json in Resources */ = {isa = PBXBuildFile; fileRef = 81DBDEE42DE8B09800F1B6F4 /* splash.json */; };
		81E40DEA2DF1CDBE00F1C2D1 /* LoadingIndicatorUtil.swift in Sources */ = {isa = PBXBuildFile; fileRef = 81E40DE92DF1CDBE00F1C2D1 /* LoadingIndicatorUtil.swift */; };
		81E4EC6B2DE9BD8B00AB7D9A /* League.swift in Sources */ = {isa = PBXBuildFile; fileRef = 81E4EC6A2DE9BD8B00AB7D9A /* League.swift */; };
		81E99E962DECBA4100C9D9E0 /* DateUtility.swift in Sources */ = {isa = PBXBuildFile; fileRef = 81E99E952DECBA4100C9D9E0 /* DateUtility.swift */; };
		B19734F5C62ABE2DFC72E237 /* Pods_Sportify.framework in Frameworks */ = {isa = PBXBuildFile; fileRef = E65A321DF1DA89952DF919EF /* Pods_Sportify.framework */; };
		BE02A6152DEA20D00077CC9E /* NetworkService.swift in Sources */ = {isa = PBXBuildFile; fileRef = BE02A6142DEA20D00077CC9E /* NetworkService.swift */; };
		BE02A6172DEA21010077CC9E /* Constant.swift in Sources */ = {isa = PBXBuildFile; fileRef = BE02A6162DEA21010077CC9E /* Constant.swift */; };
		BE02A6242DEA41F30077CC9E /* League.storyboard in Resources */ = {isa = PBXBuildFile; fileRef = BE02A6232DEA41F30077CC9E /* League.storyboard */; };
		BE02A6262DEA42750077CC9E /* LeagueTableViewController.swift in Sources */ = {isa = PBXBuildFile; fileRef = BE02A6252DEA42750077CC9E /* LeagueTableViewController.swift */; };
		BE02A6292DEA430B0077CC9E /* LeagueViewCell.swift in Sources */ = {isa = PBXBuildFile; fileRef = BE02A6272DEA430B0077CC9E /* LeagueViewCell.swift */; };
		BE02A62A2DEA430B0077CC9E /* LeagueViewCell.xib in Resources */ = {isa = PBXBuildFile; fileRef = BE02A6282DEA430B0077CC9E /* LeagueViewCell.xib */; };
		BE02A62F2DEA60100077CC9E /* LeageuPresenter.swift in Sources */ = {isa = PBXBuildFile; fileRef = BE02A62E2DEA60100077CC9E /* LeageuPresenter.swift */; };
		BE12ABA82DEC9AE800451E6F /* Favorite.storyboard in Resources */ = {isa = PBXBuildFile; fileRef = BE12ABA72DEC9AE800451E6F /* Favorite.storyboard */; };
		BE12ABAA2DEC9B8A00451E6F /* FavTableController.swift in Sources */ = {isa = PBXBuildFile; fileRef = BE12ABA92DEC9B8A00451E6F /* FavTableController.swift */; };
		BE12ABAE2DECA67500451E6F /* FavCell.swift in Sources */ = {isa = PBXBuildFile; fileRef = BE12ABAC2DECA67500451E6F /* FavCell.swift */; };
		BE12ABAF2DECA67500451E6F /* FavCell.xib in Resources */ = {isa = PBXBuildFile; fileRef = BE12ABAD2DECA67500451E6F /* FavCell.xib */; };
		BE65A0652DEB67E900CFC602 /* TeamCell.swift in Sources */ = {isa = PBXBuildFile; fileRef = BE65A0632DEB67E900CFC602 /* TeamCell.swift */; };
		BE65A0662DEB67E900CFC602 /* TeamCell.swift in Sources */ = {isa = PBXBuildFile; fileRef = BE65A0632DEB67E900CFC602 /* TeamCell.swift */; };
		BE65A0672DEB67E900CFC602 /* TeamCell.xib in Resources */ = {isa = PBXBuildFile; fileRef = BE65A0642DEB67E900CFC602 /* TeamCell.xib */; };
		BE65A0682DEB67E900CFC602 /* TeamCell.xib in Resources */ = {isa = PBXBuildFile; fileRef = BE65A0642DEB67E900CFC602 /* TeamCell.xib */; };
		BE65A06A2DEB818200CFC602 /* ahly.gif in Resources */ = {isa = PBXBuildFile; fileRef = BE65A0692DEB818200CFC602 /* ahly.gif */; };
		BE65A06D2DEB83AD00CFC602 /* PlayerCell.swift in Sources */ = {isa = PBXBuildFile; fileRef = BE65A06B2DEB83AD00CFC602 /* PlayerCell.swift */; };
		BE65A06E2DEB83AD00CFC602 /* PlayerCell.swift in Sources */ = {isa = PBXBuildFile; fileRef = BE65A06B2DEB83AD00CFC602 /* PlayerCell.swift */; };
		BE65A06F2DEB83AD00CFC602 /* PlayerCell.xib in Resources */ = {isa = PBXBuildFile; fileRef = BE65A06C2DEB83AD00CFC602 /* PlayerCell.xib */; };
		BE65A0702DEB83AD00CFC602 /* PlayerCell.xib in Resources */ = {isa = PBXBuildFile; fileRef = BE65A06C2DEB83AD00CFC602 /* PlayerCell.xib */; };
		BE65A0742DEB884500CFC602 /* TeamStoryBoard.storyboard in Resources */ = {isa = PBXBuildFile; fileRef = BE65A0732DEB884500CFC602 /* TeamStoryBoard.storyboard */; };
		BE65A0752DEB884500CFC602 /* TeamStoryBoard.storyboard in Resources */ = {isa = PBXBuildFile; fileRef = BE65A0732DEB884500CFC602 /* TeamStoryBoard.storyboard */; };
		BE65A0772DEB887D00CFC602 /* PlayerTableController.swift in Sources */ = {isa = PBXBuildFile; fileRef = BE65A0762DEB887D00CFC602 /* PlayerTableController.swift */; };
		BE65A0782DEB887D00CFC602 /* PlayerTableController.swift in Sources */ = {isa = PBXBuildFile; fileRef = BE65A0762DEB887D00CFC602 /* PlayerTableController.swift */; };
		BE65A07B2DEB9F1300CFC602 /* TeamPresenter.swift in Sources */ = {isa = PBXBuildFile; fileRef = BE65A07A2DEB9F1300CFC602 /* TeamPresenter.swift */; };
		BE65A07C2DEB9F1300CFC602 /* TeamPresenter.swift in Sources */ = {isa = PBXBuildFile; fileRef = BE65A07A2DEB9F1300CFC602 /* TeamPresenter.swift */; };
		BE6BAC022DEF84DF004A52A4 /* Gif.swift in Sources */ = {isa = PBXBuildFile; fileRef = BE6BAC012DEF84DE004A52A4 /* Gif.swift */; };
		BE701DD02DE8980A00FF3976 /* UserDefault.swift in Sources */ = {isa = PBXBuildFile; fileRef = BE701DCF2DE8980A00FF3976 /* UserDefault.swift */; };
		BE790FB72DF110E50087A86A /* Colors.swift in Sources */ = {isa = PBXBuildFile; fileRef = BE790FB62DF110E50087A86A /* Colors.swift */; };
		BE790FB82DF110E90087A86A /* Colors.swift in Sources */ = {isa = PBXBuildFile; fileRef = BE790FB62DF110E50087A86A /* Colors.swift */; };
		BE790FB92DF110EA0087A86A /* Colors.swift in Sources */ = {isa = PBXBuildFile; fileRef = BE790FB62DF110E50087A86A /* Colors.swift */; };
		BE7A98572DF226CB00BF20E2 /* spl.json in Resources */ = {isa = PBXBuildFile; fileRef = BE7A98562DF226CB00BF20E2 /* spl.json */; };
		BE7A98592DF237C300BF20E2 /* stad.gif in Resources */ = {isa = PBXBuildFile; fileRef = BE7A98582DF237C300BF20E2 /* stad.gif */; };
		BE7D1F9F2DECC78C00D88A0F /* LeageuLocal.swift in Sources */ = {isa = PBXBuildFile; fileRef = BE7D1F9E2DECC78C00D88A0F /* LeageuLocal.swift */; };
		BE7D1FA12DECCAA600D88A0F /* LocalDataSource.swift in Sources */ = {isa = PBXBuildFile; fileRef = BE7D1FA02DECCAA600D88A0F /* LocalDataSource.swift */; };
		BE7D1FA42DECD1A300D88A0F /* FavPresenter.swift in Sources */ = {isa = PBXBuildFile; fileRef = BE7D1FA32DECD1A300D88A0F /* FavPresenter.swift */; };
		BEB295542DF0D6BD0026FC91 /* empty.json in Resources */ = {isa = PBXBuildFile; fileRef = BEB295532DF0D6BD0026FC91 /* empty.json */; };
		BEB2955C2DF0DBCE0026FC91 /* EmptyCell.swift in Sources */ = {isa = PBXBuildFile; fileRef = BEB2955A2DF0DBCE0026FC91 /* EmptyCell.swift */; };
		BEB2955D2DF0DBCE0026FC91 /* EmptyCell.xib in Resources */ = {isa = PBXBuildFile; fileRef = BEB2955B2DF0DBCE0026FC91 /* EmptyCell.xib */; };
		BEC0A3D12DF06C4C00DD9F35 /* Localizable.strings in Resources */ = {isa = PBXBuildFile; fileRef = BEC0A3D32DF06C4C00DD9F35 /* Localizable.strings */; };
		BEC0A3DB2DF0863F00DD9F35 /* TeamMemberType.swift in Sources */ = {isa = PBXBuildFile; fileRef = BEC0A3DA2DF0863F00DD9F35 /* TeamMemberType.swift */; };
/* End PBXBuildFile section */

/* Begin PBXContainerItemProxy section */
		8108C2542DE8379F0031F309 /* PBXContainerItemProxy */ = {
			isa = PBXContainerItemProxy;
			containerPortal = 8108C2322DE8379A0031F309 /* Project object */;
			proxyType = 1;
			remoteGlobalIDString = 8108C2392DE8379A0031F309;
			remoteInfo = Sportify;
		};
		8108C25E2DE8379F0031F309 /* PBXContainerItemProxy */ = {
			isa = PBXContainerItemProxy;
			containerPortal = 8108C2322DE8379A0031F309 /* Project object */;
			proxyType = 1;
			remoteGlobalIDString = 8108C2392DE8379A0031F309;
			remoteInfo = Sportify;
		};
/* End PBXContainerItemProxy section */

/* Begin PBXFileReference section */
		5B2B9BD38F66DF7220EAF5D6 /* Pods-Sportify.debug.xcconfig */ = {isa = PBXFileReference; includeInIndex = 1; lastKnownFileType = text.xcconfig; name = "Pods-Sportify.debug.xcconfig"; path = "Target Support Files/Pods-Sportify/Pods-Sportify.debug.xcconfig"; sourceTree = "<group>"; };
		67AD004684BA0C8FE367D592 /* Pods-Sportify.release.xcconfig */ = {isa = PBXFileReference; includeInIndex = 1; lastKnownFileType = text.xcconfig; name = "Pods-Sportify.release.xcconfig"; path = "Target Support Files/Pods-Sportify/Pods-Sportify.release.xcconfig"; sourceTree = "<group>"; };
		8108C23A2DE8379A0031F309 /* Sportify.app */ = {isa = PBXFileReference; explicitFileType = wrapper.application; includeInIndex = 0; path = Sportify.app; sourceTree = BUILT_PRODUCTS_DIR; };
		8108C23D2DE8379A0031F309 /* AppDelegate.swift */ = {isa = PBXFileReference; lastKnownFileType = sourcecode.swift; path = AppDelegate.swift; sourceTree = "<group>"; };
		8108C23F2DE8379A0031F309 /* SceneDelegate.swift */ = {isa = PBXFileReference; lastKnownFileType = sourcecode.swift; path = SceneDelegate.swift; sourceTree = "<group>"; };
		8108C2412DE8379A0031F309 /* ViewController.swift */ = {isa = PBXFileReference; lastKnownFileType = sourcecode.swift; path = ViewController.swift; sourceTree = "<group>"; };
		8108C2442DE8379A0031F309 /* Base */ = {isa = PBXFileReference; lastKnownFileType = file.storyboard; name = Base; path = Base.lproj/Main.storyboard; sourceTree = "<group>"; };
		8108C2472DE8379A0031F309 /* Sportify.xcdatamodel */ = {isa = PBXFileReference; lastKnownFileType = wrapper.xcdatamodel; path = Sportify.xcdatamodel; sourceTree = "<group>"; };
		8108C2492DE8379E0031F309 /* Assets.xcassets */ = {isa = PBXFileReference; lastKnownFileType = folder.assetcatalog; path = Assets.xcassets; sourceTree = "<group>"; };
		8108C24C2DE8379E0031F309 /* Base */ = {isa = PBXFileReference; lastKnownFileType = file.storyboard; name = Base; path = Base.lproj/LaunchScreen.storyboard; sourceTree = "<group>"; };
		8108C24E2DE8379E0031F309 /* Info.plist */ = {isa = PBXFileReference; lastKnownFileType = text.plist.xml; path = Info.plist; sourceTree = "<group>"; };
		8108C2532DE8379F0031F309 /* SportifyTests.xctest */ = {isa = PBXFileReference; explicitFileType = wrapper.cfbundle; includeInIndex = 0; path = SportifyTests.xctest; sourceTree = BUILT_PRODUCTS_DIR; };
		8108C2572DE8379F0031F309 /* SportifyTests.swift */ = {isa = PBXFileReference; lastKnownFileType = sourcecode.swift; path = SportifyTests.swift; sourceTree = "<group>"; };
		8108C25D2DE8379F0031F309 /* SportifyUITests.xctest */ = {isa = PBXFileReference; explicitFileType = wrapper.cfbundle; includeInIndex = 0; path = SportifyUITests.xctest; sourceTree = BUILT_PRODUCTS_DIR; };
		8108C2612DE8379F0031F309 /* SportifyUITests.swift */ = {isa = PBXFileReference; lastKnownFileType = sourcecode.swift; path = SportifyUITests.swift; sourceTree = "<group>"; };
		8108C2632DE8379F0031F309 /* SportifyUITestsLaunchTests.swift */ = {isa = PBXFileReference; lastKnownFileType = sourcecode.swift; path = SportifyUITestsLaunchTests.swift; sourceTree = "<group>"; };
		810F53562DEB5B8E0008372D /* TeamsCollectionViewCell.swift */ = {isa = PBXFileReference; lastKnownFileType = sourcecode.swift; path = TeamsCollectionViewCell.swift; sourceTree = "<group>"; };
		810F53572DEB5B8E0008372D /* TeamsCollectionViewCell.xib */ = {isa = PBXFileReference; lastKnownFileType = file.xib; path = TeamsCollectionViewCell.xib; sourceTree = "<group>"; };
		810F535A2DEB699D0008372D /* LeagueDetailsPresenter.swift */ = {isa = PBXFileReference; lastKnownFileType = sourcecode.swift; path = LeagueDetailsPresenter.swift; sourceTree = "<group>"; };
		81251CEE2DEE22C40079398D /* NetworkManager.swift */ = {isa = PBXFileReference; lastKnownFileType = sourcecode.swift; path = NetworkManager.swift; sourceTree = "<group>"; };
		81306D312DE9DCFE00218697 /* Team.swift */ = {isa = PBXFileReference; lastKnownFileType = sourcecode.swift; path = Team.swift; sourceTree = "<group>"; };
		81306D332DE9E72500218697 /* ApiResponse.swift */ = {isa = PBXFileReference; lastKnownFileType = sourcecode.swift; path = ApiResponse.swift; sourceTree = "<group>"; };
		81306D432DEA6A4400218697 /* HomePresenter.swift */ = {isa = PBXFileReference; lastKnownFileType = sourcecode.swift; name = HomePresenter.swift; path = Sportify/Model/Entities/HomePresenter.swift; sourceTree = SOURCE_ROOT; };
		81306D452DEA6A7200218697 /* HomeScreen.storyboard */ = {isa = PBXFileReference; lastKnownFileType = file.storyboard; name = HomeScreen.storyboard; path = Sportify/Model/Entities/HomeScreen.storyboard; sourceTree = SOURCE_ROOT; };
		81306D472DEA6AE000218697 /* HomeCollectionViewCell.swift */ = {isa = PBXFileReference; lastKnownFileType = sourcecode.swift; name = HomeCollectionViewCell.swift; path = Sportify/Featuers/Home/View/Controller/HomeCollectionViewCell.swift; sourceTree = SOURCE_ROOT; };
		81306D482DEA6AE000218697 /* HomeCollectionViewCell.xib */ = {isa = PBXFileReference; lastKnownFileType = file.xib; name = HomeCollectionViewCell.xib; path = Sportify/Model/Entities/HomeCollectionViewCell.xib; sourceTree = SOURCE_ROOT; };
		81306D4B2DEA6EE800218697 /* HomeCollectionViewController.swift */ = {isa = PBXFileReference; lastKnownFileType = sourcecode.swift; name = HomeCollectionViewController.swift; path = Sportify/Featuers/Home/View/Controller/HomeCollectionViewController.swift; sourceTree = SOURCE_ROOT; };
		81306D4E2DEA72F200218697 /* SportItem .swift */ = {isa = PBXFileReference; lastKnownFileType = sourcecode.swift; path = "SportItem .swift"; sourceTree = "<group>"; };
		8137E8802DEB9C0800124EE5 /* Fixture.swift */ = {isa = PBXFileReference; lastKnownFileType = sourcecode.swift; path = Fixture.swift; sourceTree = "<group>"; };
		81566FD22DEF220B0008F652 /* UIViewController+Alert.swift */ = {isa = PBXFileReference; lastKnownFileType = sourcecode.swift; path = "UIViewController+Alert.swift"; sourceTree = "<group>"; };
		818EB9742DF0913C002A6EAA /* FakeNetworkService.swift */ = {isa = PBXFileReference; lastKnownFileType = sourcecode.swift; path = FakeNetworkService.swift; sourceTree = "<group>"; };
		818EB9762DF0913C002A6EAA /* MockReachability.swift */ = {isa = PBXFileReference; lastKnownFileType = sourcecode.swift; path = MockReachability.swift; sourceTree = "<group>"; };
		81C87E812DEB24DC006851DB /* LeagueDetailsScreen.storyboard */ = {isa = PBXFileReference; lastKnownFileType = file.storyboard; path = LeagueDetailsScreen.storyboard; sourceTree = "<group>"; };
		81C87E832DEB2578006851DB /* DetailsCollectionViewController.swift */ = {isa = PBXFileReference; lastKnownFileType = sourcecode.swift; path = DetailsCollectionViewController.swift; sourceTree = "<group>"; };
		81C87E852DEB3994006851DB /* UpcomingCollectionViewCell.swift */ = {isa = PBXFileReference; lastKnownFileType = sourcecode.swift; path = UpcomingCollectionViewCell.swift; sourceTree = "<group>"; };
		81C87E862DEB3994006851DB /* UpcomingCollectionViewCell.xib */ = {isa = PBXFileReference; lastKnownFileType = file.xib; path = UpcomingCollectionViewCell.xib; sourceTree = "<group>"; };
		81C87E8F2DEB5260006851DB /* LatestCollectionViewCell.swift */ = {isa = PBXFileReference; lastKnownFileType = sourcecode.swift; path = LatestCollectionViewCell.swift; sourceTree = "<group>"; };
		81C87E902DEB5260006851DB /* LatestCollectionViewCell.xib */ = {isa = PBXFileReference; lastKnownFileType = file.xib; path = LatestCollectionViewCell.xib; sourceTree = "<group>"; };
		81D6AB0D2DEAA89A0029DE4B /* CustomTabBarController.swift */ = {isa = PBXFileReference; lastKnownFileType = sourcecode.swift; name = CustomTabBarController.swift; path = Sportify/Featuers/Home/View/Controller/CustomTabBarController.swift; sourceTree = SOURCE_ROOT; };
		81D6AB132DEACB440029DE4B /* SportsEnum.swift */ = {isa = PBXFileReference; lastKnownFileType = sourcecode.swift; path = SportsEnum.swift; sourceTree = "<group>"; };
		81D6AB152DEACD410029DE4B /* APIMethods.swift */ = {isa = PBXFileReference; lastKnownFileType = sourcecode.swift; path = APIMethods.swift; sourceTree = "<group>"; };
		81DAA1252DF09BB400453C36 /* OnBoardingSlidesViewController.swift */ = {isa = PBXFileReference; lastKnownFileType = sourcecode.swift; path = OnBoardingSlidesViewController.swift; sourceTree = "<group>"; };
		81DAA1272DF09C2000453C36 /* OnBoardingViewController.swift */ = {isa = PBXFileReference; lastKnownFileType = sourcecode.swift; path = OnBoardingViewController.swift; sourceTree = "<group>"; };
		81DAA12D2DF101D900453C36 /* UIImage+Resize.swift */ = {isa = PBXFileReference; lastKnownFileType = sourcecode.swift; path = "UIImage+Resize.swift"; sourceTree = "<group>"; };
		81DBDED62DE8948100F1B6F4 /* OnBoardingScreen.storyboard */ = {isa = PBXFileReference; lastKnownFileType = file.storyboard; path = OnBoardingScreen.storyboard; sourceTree = "<group>"; };
		81DBDEDA2DE898A400F1B6F4 /* OnBoardingSlides.swift */ = {isa = PBXFileReference; lastKnownFileType = sourcecode.swift; name = OnBoardingSlides.swift; path = Sportify/Featuers/Onboarding/Model/OnBoardingSlides.swift; sourceTree = SOURCE_ROOT; };
		81DBDEE42DE8B09800F1B6F4 /* splash.json */ = {isa = PBXFileReference; lastKnownFileType = text.json; path = splash.json; sourceTree = "<group>"; };
		81E40DE92DF1CDBE00F1C2D1 /* LoadingIndicatorUtil.swift */ = {isa = PBXFileReference; lastKnownFileType = sourcecode.swift; path = LoadingIndicatorUtil.swift; sourceTree = "<group>"; };

		81E4EC6A2DE9BD8B00AB7D9A /* League.swift */ = {isa = PBXFileReference; lastKnownFileType = sourcecode.swift; name = League.swift; path = Sportify/Model/Entities/League.swift; sourceTree = SOURCE_ROOT; };
		81E99E952DECBA4100C9D9E0 /* DateUtility.swift */ = {isa = PBXFileReference; lastKnownFileType = sourcecode.swift; path = DateUtility.swift; sourceTree = "<group>"; };
		A63F340BAE6FB242A78AD3AE /* Pods-SportifyTests.release.xcconfig */ = {isa = PBXFileReference; includeInIndex = 1; lastKnownFileType = text.xcconfig; name = "Pods-SportifyTests.release.xcconfig"; path = "Target Support Files/Pods-SportifyTests/Pods-SportifyTests.release.xcconfig"; sourceTree = "<group>"; };
		BE02A6142DEA20D00077CC9E /* NetworkService.swift */ = {isa = PBXFileReference; lastKnownFileType = sourcecode.swift; path = NetworkService.swift; sourceTree = "<group>"; };
		BE02A6162DEA21010077CC9E /* Constant.swift */ = {isa = PBXFileReference; lastKnownFileType = sourcecode.swift; path = Constant.swift; sourceTree = "<group>"; };
		BE02A6232DEA41F30077CC9E /* League.storyboard */ = {isa = PBXFileReference; lastKnownFileType = file.storyboard; path = League.storyboard; sourceTree = "<group>"; };
		BE02A6252DEA42750077CC9E /* LeagueTableViewController.swift */ = {isa = PBXFileReference; lastKnownFileType = sourcecode.swift; path = LeagueTableViewController.swift; sourceTree = "<group>"; };
		BE02A6272DEA430B0077CC9E /* LeagueViewCell.swift */ = {isa = PBXFileReference; lastKnownFileType = sourcecode.swift; path = LeagueViewCell.swift; sourceTree = "<group>"; };
		BE02A6282DEA430B0077CC9E /* LeagueViewCell.xib */ = {isa = PBXFileReference; lastKnownFileType = file.xib; path = LeagueViewCell.xib; sourceTree = "<group>"; };
		BE02A62E2DEA60100077CC9E /* LeageuPresenter.swift */ = {isa = PBXFileReference; lastKnownFileType = sourcecode.swift; path = LeageuPresenter.swift; sourceTree = "<group>"; };
		BE12ABA72DEC9AE800451E6F /* Favorite.storyboard */ = {isa = PBXFileReference; lastKnownFileType = file.storyboard; path = Favorite.storyboard; sourceTree = "<group>"; };
		BE12ABA92DEC9B8A00451E6F /* FavTableController.swift */ = {isa = PBXFileReference; lastKnownFileType = sourcecode.swift; path = FavTableController.swift; sourceTree = "<group>"; };
		BE12ABAC2DECA67500451E6F /* FavCell.swift */ = {isa = PBXFileReference; lastKnownFileType = sourcecode.swift; path = FavCell.swift; sourceTree = "<group>"; };
		BE12ABAD2DECA67500451E6F /* FavCell.xib */ = {isa = PBXFileReference; lastKnownFileType = file.xib; path = FavCell.xib; sourceTree = "<group>"; };
		BE65A0632DEB67E900CFC602 /* TeamCell.swift */ = {isa = PBXFileReference; lastKnownFileType = sourcecode.swift; path = TeamCell.swift; sourceTree = "<group>"; };
		BE65A0642DEB67E900CFC602 /* TeamCell.xib */ = {isa = PBXFileReference; lastKnownFileType = file.xib; path = TeamCell.xib; sourceTree = "<group>"; };
		BE65A0692DEB818200CFC602 /* ahly.gif */ = {isa = PBXFileReference; lastKnownFileType = image.gif; path = ahly.gif; sourceTree = "<group>"; };
		BE65A06B2DEB83AD00CFC602 /* PlayerCell.swift */ = {isa = PBXFileReference; lastKnownFileType = sourcecode.swift; path = PlayerCell.swift; sourceTree = "<group>"; };
		BE65A06C2DEB83AD00CFC602 /* PlayerCell.xib */ = {isa = PBXFileReference; lastKnownFileType = file.xib; path = PlayerCell.xib; sourceTree = "<group>"; };
		BE65A0732DEB884500CFC602 /* TeamStoryBoard.storyboard */ = {isa = PBXFileReference; lastKnownFileType = file.storyboard; path = TeamStoryBoard.storyboard; sourceTree = "<group>"; };
		BE65A0762DEB887D00CFC602 /* PlayerTableController.swift */ = {isa = PBXFileReference; lastKnownFileType = sourcecode.swift; path = PlayerTableController.swift; sourceTree = "<group>"; };
		BE65A07A2DEB9F1300CFC602 /* TeamPresenter.swift */ = {isa = PBXFileReference; lastKnownFileType = sourcecode.swift; path = TeamPresenter.swift; sourceTree = "<group>"; };
		BE6BAC012DEF84DE004A52A4 /* Gif.swift */ = {isa = PBXFileReference; lastKnownFileType = sourcecode.swift; path = Gif.swift; sourceTree = "<group>"; };
		BE701DCF2DE8980A00FF3976 /* UserDefault.swift */ = {isa = PBXFileReference; lastKnownFileType = sourcecode.swift; path = UserDefault.swift; sourceTree = "<group>"; };
		BE790FB62DF110E50087A86A /* Colors.swift */ = {isa = PBXFileReference; lastKnownFileType = sourcecode.swift; path = Colors.swift; sourceTree = "<group>"; };
		BE7A98562DF226CB00BF20E2 /* spl.json */ = {isa = PBXFileReference; fileEncoding = 4; lastKnownFileType = text.json; path = spl.json; sourceTree = "<group>"; };
		BE7A98582DF237C300BF20E2 /* stad.gif */ = {isa = PBXFileReference; lastKnownFileType = image.gif; path = stad.gif; sourceTree = "<group>"; };
		BE7D1F9E2DECC78C00D88A0F /* LeageuLocal.swift */ = {isa = PBXFileReference; lastKnownFileType = sourcecode.swift; path = LeageuLocal.swift; sourceTree = "<group>"; };
		BE7D1FA02DECCAA600D88A0F /* LocalDataSource.swift */ = {isa = PBXFileReference; lastKnownFileType = sourcecode.swift; path = LocalDataSource.swift; sourceTree = "<group>"; };
		BE7D1FA32DECD1A300D88A0F /* FavPresenter.swift */ = {isa = PBXFileReference; lastKnownFileType = sourcecode.swift; path = FavPresenter.swift; sourceTree = "<group>"; };
		BEB295532DF0D6BD0026FC91 /* empty.json */ = {isa = PBXFileReference; fileEncoding = 4; lastKnownFileType = text.json; path = empty.json; sourceTree = "<group>"; };
		BEB2955A2DF0DBCE0026FC91 /* EmptyCell.swift */ = {isa = PBXFileReference; lastKnownFileType = sourcecode.swift; path = EmptyCell.swift; sourceTree = "<group>"; };
		BEB2955B2DF0DBCE0026FC91 /* EmptyCell.xib */ = {isa = PBXFileReference; lastKnownFileType = file.xib; path = EmptyCell.xib; sourceTree = "<group>"; };
		BEC0A3D22DF06C4C00DD9F35 /* en */ = {isa = PBXFileReference; lastKnownFileType = text.plist.strings; name = en; path = en.lproj/Localizable.strings; sourceTree = "<group>"; };
		BEC0A3D42DF06C6A00DD9F35 /* ar */ = {isa = PBXFileReference; lastKnownFileType = text.plist.strings; name = ar; path = ar.lproj/Main.strings; sourceTree = "<group>"; };
		BEC0A3D52DF06C6B00DD9F35 /* ar */ = {isa = PBXFileReference; lastKnownFileType = text.plist.strings; name = ar; path = ar.lproj/LaunchScreen.strings; sourceTree = "<group>"; };
		BEC0A3D62DF06C6B00DD9F35 /* ar */ = {isa = PBXFileReference; lastKnownFileType = text.plist.strings; name = ar; path = ar.lproj/Localizable.strings; sourceTree = "<group>"; };
		BEC0A3D82DF06C7D00DD9F35 /* en */ = {isa = PBXFileReference; lastKnownFileType = text.plist.strings; name = en; path = en.lproj/Main.strings; sourceTree = "<group>"; };
		BEC0A3DA2DF0863F00DD9F35 /* TeamMemberType.swift */ = {isa = PBXFileReference; lastKnownFileType = sourcecode.swift; path = TeamMemberType.swift; sourceTree = "<group>"; };
		C66584A08E7A6E6CCA470094 /* Pods-SportifyTests.debug.xcconfig */ = {isa = PBXFileReference; includeInIndex = 1; lastKnownFileType = text.xcconfig; name = "Pods-SportifyTests.debug.xcconfig"; path = "Target Support Files/Pods-SportifyTests/Pods-SportifyTests.debug.xcconfig"; sourceTree = "<group>"; };
		E3DE138ADFF0626F7DA6A8F9 /* Pods_SportifyTests.framework */ = {isa = PBXFileReference; explicitFileType = wrapper.framework; includeInIndex = 0; path = Pods_SportifyTests.framework; sourceTree = BUILT_PRODUCTS_DIR; };
		E65A321DF1DA89952DF919EF /* Pods_Sportify.framework */ = {isa = PBXFileReference; explicitFileType = wrapper.framework; includeInIndex = 0; path = Pods_Sportify.framework; sourceTree = BUILT_PRODUCTS_DIR; };
/* End PBXFileReference section */

/* Begin PBXFrameworksBuildPhase section */
		8108C2372DE8379A0031F309 /* Frameworks */ = {
			isa = PBXFrameworksBuildPhase;
			buildActionMask = 2147483647;
			files = (
				B19734F5C62ABE2DFC72E237 /* Pods_Sportify.framework in Frameworks */,
			);
			runOnlyForDeploymentPostprocessing = 0;
		};
		8108C2502DE8379F0031F309 /* Frameworks */ = {
			isa = PBXFrameworksBuildPhase;
			buildActionMask = 2147483647;
			files = (
				1E91F598B1F71A5FE23CF1DD /* Pods_SportifyTests.framework in Frameworks */,
			);
			runOnlyForDeploymentPostprocessing = 0;
		};
		8108C25A2DE8379F0031F309 /* Frameworks */ = {
			isa = PBXFrameworksBuildPhase;
			buildActionMask = 2147483647;
			files = (
			);
			runOnlyForDeploymentPostprocessing = 0;
		};
/* End PBXFrameworksBuildPhase section */

/* Begin PBXGroup section */
		8108C2312DE8379A0031F309 = {
			isa = PBXGroup;
			children = (
				BEC0A3D32DF06C4C00DD9F35 /* Localizable.strings */,
				8108C23C2DE8379A0031F309 /* Sportify */,
				8108C2562DE8379F0031F309 /* SportifyTests */,
				8108C2602DE8379F0031F309 /* SportifyUITests */,
				8108C23B2DE8379A0031F309 /* Products */,
				8534F5FC377DD3D6DD8D8415 /* Pods */,
				D794FA479A3AC87DFDE65C9B /* Frameworks */,
			);
			sourceTree = "<group>";
		};
		8108C23B2DE8379A0031F309 /* Products */ = {
			isa = PBXGroup;
			children = (
				8108C23A2DE8379A0031F309 /* Sportify.app */,
				8108C2532DE8379F0031F309 /* SportifyTests.xctest */,
				8108C25D2DE8379F0031F309 /* SportifyUITests.xctest */,
			);
			name = Products;
			sourceTree = "<group>";
		};
		8108C23C2DE8379A0031F309 /* Sportify */ = {
			isa = PBXGroup;
			children = (
				BE701DC72DE87F7000FF3976 /* Utiles */,
				BE701DBE2DE87EBB00FF3976 /* Model */,
				BE701DBA2DE87E7300FF3976 /* Featuers */,
				BE701DB92DE87E4300FF3976 /* Resources */,
				BE701DB82DE87E2800FF3976 /* App */,
				8108C24E2DE8379E0031F309 /* Info.plist */,
				8108C2462DE8379A0031F309 /* Sportify.xcdatamodeld */,
			);
			path = Sportify;
			sourceTree = "<group>";
		};
		8108C2562DE8379F0031F309 /* SportifyTests */ = {
			isa = PBXGroup;
			children = (
				818EB9762DF0913C002A6EAA /* MockReachability.swift */,
				8108C2572DE8379F0031F309 /* SportifyTests.swift */,
				818EB9742DF0913C002A6EAA /* FakeNetworkService.swift */,
			);
			path = SportifyTests;
			sourceTree = "<group>";
		};
		8108C2602DE8379F0031F309 /* SportifyUITests */ = {
			isa = PBXGroup;
			children = (
				8108C2612DE8379F0031F309 /* SportifyUITests.swift */,
				8108C2632DE8379F0031F309 /* SportifyUITestsLaunchTests.swift */,
			);
			path = SportifyUITests;
			sourceTree = "<group>";
		};
		81251CED2DEE229E0079398D /* NetworkUtiles */ = {
			isa = PBXGroup;
			children = (
				81251CEE2DEE22C40079398D /* NetworkManager.swift */,
				81E40DE92DF1CDBE00F1C2D1 /* LoadingIndicatorUtil.swift */,
			);
			path = NetworkUtiles;
			sourceTree = "<group>";
		};
		81306D4D2DEA72D600218697 /* Model */ = {
			isa = PBXGroup;
			children = (
				81306D4E2DEA72F200218697 /* SportItem .swift */,
			);
			path = Model;
			sourceTree = "<group>";
		};
		814712CC2DEC66FA000FB111 /* Cell */ = {
			isa = PBXGroup;
			children = (
				81C87E852DEB3994006851DB /* UpcomingCollectionViewCell.swift */,
				810F53562DEB5B8E0008372D /* TeamsCollectionViewCell.swift */,
				81C87E8F2DEB5260006851DB /* LatestCollectionViewCell.swift */,
			);
			path = Cell;
			sourceTree = "<group>";
		};
		814712CD2DEC6724000FB111 /* Cell */ = {
			isa = PBXGroup;
			children = (
				81C87E902DEB5260006851DB /* LatestCollectionViewCell.xib */,
				810F53572DEB5B8E0008372D /* TeamsCollectionViewCell.xib */,
				81C87E862DEB3994006851DB /* UpcomingCollectionViewCell.xib */,
			);
			path = Cell;
			sourceTree = "<group>";
		};
		81566FD02DEF21290008F652 /* Extensions */ = {
			isa = PBXGroup;
			children = (
				81DAA12C2DF1019500453C36 /* Image */,
				BE790FB52DF110CD0087A86A /* Colors */,
				BE6BAC002DEF8499004A52A4 /* Gif */,
				81566FD12DEF21420008F652 /* Alert */,
			);
			path = Extensions;
			sourceTree = "<group>";
		};
		81566FD12DEF21420008F652 /* Alert */ = {
			isa = PBXGroup;
			children = (
				81566FD22DEF220B0008F652 /* UIViewController+Alert.swift */,
			);
			path = Alert;
			sourceTree = "<group>";
		};
		81C87E7D2DEB245B006851DB /* LeagueDetails */ = {
			isa = PBXGroup;
			children = (
				81C87E7F2DEB247B006851DB /* Presenter */,
				81C87E7E2DEB246F006851DB /* View */,
			);
			path = LeagueDetails;
			sourceTree = "<group>";
		};
		81C87E7E2DEB246F006851DB /* View */ = {
			isa = PBXGroup;
			children = (
				814712CD2DEC6724000FB111 /* Cell */,
				81C87E802DEB24AB006851DB /* Controller */,
				81C87E812DEB24DC006851DB /* LeagueDetailsScreen.storyboard */,
			);
			path = View;
			sourceTree = "<group>";
		};
		81C87E7F2DEB247B006851DB /* Presenter */ = {
			isa = PBXGroup;
			children = (
				810F535A2DEB699D0008372D /* LeagueDetailsPresenter.swift */,
			);
			path = Presenter;
			sourceTree = "<group>";
		};
		81C87E802DEB24AB006851DB /* Controller */ = {
			isa = PBXGroup;
			children = (
				814712CC2DEC66FA000FB111 /* Cell */,
				81C87E832DEB2578006851DB /* DetailsCollectionViewController.swift */,
			);
			path = Controller;
			sourceTree = "<group>";
		};
		81D6AB0F2DEACAC60029DE4B /* Controller */ = {
			isa = PBXGroup;
			children = (
				81306D472DEA6AE000218697 /* HomeCollectionViewCell.swift */,
				81306D4B2DEA6EE800218697 /* HomeCollectionViewController.swift */,
				81D6AB0D2DEAA89A0029DE4B /* CustomTabBarController.swift */,
			);
			path = Controller;
			sourceTree = "<group>";
		};
		81D6AB102DEACAE60029DE4B /* Controller */ = {
			isa = PBXGroup;
			children = (
				81DAA1252DF09BB400453C36 /* OnBoardingSlidesViewController.swift */,
				81DAA1272DF09C2000453C36 /* OnBoardingViewController.swift */,
			);
			path = Controller;
			sourceTree = "<group>";
		};
		81D6AB112DEACB060029DE4B /* Model */ = {
			isa = PBXGroup;
			children = (
				81DBDEDA2DE898A400F1B6F4 /* OnBoardingSlides.swift */,
			);
			path = Model;
			sourceTree = "<group>";
		};
		81D6AB122DEACB1F0029DE4B /* Enums */ = {
			isa = PBXGroup;
			children = (
				81D6AB132DEACB440029DE4B /* SportsEnum.swift */,
				81D6AB152DEACD410029DE4B /* APIMethods.swift */,
			);
			path = Enums;
			sourceTree = "<group>";
		};
		81DAA12C2DF1019500453C36 /* Image */ = {
			isa = PBXGroup;
			children = (
				81DAA12D2DF101D900453C36 /* UIImage+Resize.swift */,
			);
			path = Image;
			sourceTree = "<group>";
		};
		81DBDED22DE88CFA00F1B6F4 /* View */ = {
			isa = PBXGroup;
			children = (
				81D6AB102DEACAE60029DE4B /* Controller */,
				81DBDED62DE8948100F1B6F4 /* OnBoardingScreen.storyboard */,
			);
			path = View;
			sourceTree = "<group>";
		};
		81E99E942DECBA2000C9D9E0 /* DateUtiles */ = {
			isa = PBXGroup;
			children = (
				81E99E952DECBA4100C9D9E0 /* DateUtility.swift */,
			);
			path = DateUtiles;
			sourceTree = "<group>";
		};
		8534F5FC377DD3D6DD8D8415 /* Pods */ = {
			isa = PBXGroup;
			children = (
				5B2B9BD38F66DF7220EAF5D6 /* Pods-Sportify.debug.xcconfig */,
				67AD004684BA0C8FE367D592 /* Pods-Sportify.release.xcconfig */,
				C66584A08E7A6E6CCA470094 /* Pods-SportifyTests.debug.xcconfig */,
				A63F340BAE6FB242A78AD3AE /* Pods-SportifyTests.release.xcconfig */,
			);
			path = Pods;
			sourceTree = "<group>";
		};
		BE02A61A2DEA39590077CC9E /* League */ = {
			isa = PBXGroup;
			children = (
				BE02A62D2DEA5FDD0077CC9E /* Presenter */,
				BE02A62B2DEA5FA10077CC9E /* View */,
			);
			path = League;
			sourceTree = "<group>";
		};
		BE02A62B2DEA5FA10077CC9E /* View */ = {
			isa = PBXGroup;
			children = (
				BE02A62C2DEA5FBB0077CC9E /* ViewController */,
				BE02A6232DEA41F30077CC9E /* League.storyboard */,
				BE02A6282DEA430B0077CC9E /* LeagueViewCell.xib */,
			);
			path = View;
			sourceTree = "<group>";
		};
		BE02A62C2DEA5FBB0077CC9E /* ViewController */ = {
			isa = PBXGroup;
			children = (
				BE02A6252DEA42750077CC9E /* LeagueTableViewController.swift */,
				BE02A6272DEA430B0077CC9E /* LeagueViewCell.swift */,
			);
			path = ViewController;
			sourceTree = "<group>";
		};
		BE02A62D2DEA5FDD0077CC9E /* Presenter */ = {
			isa = PBXGroup;
			children = (
				BE02A62E2DEA60100077CC9E /* LeageuPresenter.swift */,
			);
			path = Presenter;
			sourceTree = "<group>";
		};
		BE12ABA52DEC9A8D00451E6F /* Favorites */ = {
			isa = PBXGroup;
			children = (
				BE7D1FA22DECD17D00D88A0F /* Presenter */,
				BE12ABA62DEC9AA900451E6F /* View */,
			);
			path = Favorites;
			sourceTree = "<group>";
		};
		BE12ABA62DEC9AA900451E6F /* View */ = {
			isa = PBXGroup;
			children = (
				BE12ABAB2DEC9B9800451E6F /* Controllers */,
				BE12ABA72DEC9AE800451E6F /* Favorite.storyboard */,
				BE12ABAD2DECA67500451E6F /* FavCell.xib */,
				BEB2955B2DF0DBCE0026FC91 /* EmptyCell.xib */,
			);
			path = View;
			sourceTree = "<group>";
		};
		BE12ABAB2DEC9B9800451E6F /* Controllers */ = {
			isa = PBXGroup;
			children = (
				BE12ABAC2DECA67500451E6F /* FavCell.swift */,
				BEB2955A2DF0DBCE0026FC91 /* EmptyCell.swift */,
				BE12ABA92DEC9B8A00451E6F /* FavTableController.swift */,
			);
			path = Controllers;
			sourceTree = "<group>";
		};
		BE65A0622DEB67AD00CFC602 /* Team */ = {
			isa = PBXGroup;
			children = (
				BE65A0792DEB9EF500CFC602 /* Presenter */,
				BE65A0712DEB87F700CFC602 /* View */,
			);
			path = Team;
			sourceTree = "<group>";
		};
		BE65A0712DEB87F700CFC602 /* View */ = {
			isa = PBXGroup;
			children = (
				BE65A0732DEB884500CFC602 /* TeamStoryBoard.storyboard */,
				BE65A0642DEB67E900CFC602 /* TeamCell.xib */,
				BE65A06C2DEB83AD00CFC602 /* PlayerCell.xib */,
				BE65A0722DEB87FC00CFC602 /* Controller */,
			);
			path = View;
			sourceTree = "<group>";
		};
		BE65A0722DEB87FC00CFC602 /* Controller */ = {
			isa = PBXGroup;
			children = (
				BE65A0762DEB887D00CFC602 /* PlayerTableController.swift */,
				BE65A0632DEB67E900CFC602 /* TeamCell.swift */,
				BE65A06B2DEB83AD00CFC602 /* PlayerCell.swift */,
			);
			path = Controller;
			sourceTree = "<group>";
		};
		BE65A0792DEB9EF500CFC602 /* Presenter */ = {
			isa = PBXGroup;
			children = (
				BE65A07A2DEB9F1300CFC602 /* TeamPresenter.swift */,
			);
			path = Presenter;
			sourceTree = "<group>";
		};
		BE6BAC002DEF8499004A52A4 /* Gif */ = {
			isa = PBXGroup;
			children = (
				BE6BAC012DEF84DE004A52A4 /* Gif.swift */,
			);
			path = Gif;
			sourceTree = "<group>";
		};
		BE701DB82DE87E2800FF3976 /* App */ = {
			isa = PBXGroup;
			children = (
				8108C23D2DE8379A0031F309 /* AppDelegate.swift */,
				8108C23F2DE8379A0031F309 /* SceneDelegate.swift */,
			);
			path = App;
			sourceTree = "<group>";
		};
		BE701DB92DE87E4300FF3976 /* Resources */ = {
			isa = PBXGroup;
			children = (
				BE701DC82DE886B400FF3976 /* Animation */,
				8108C2492DE8379E0031F309 /* Assets.xcassets */,
				8108C24B2DE8379E0031F309 /* LaunchScreen.storyboard */,
			);
			path = Resources;
			sourceTree = "<group>";
		};
		BE701DBA2DE87E7300FF3976 /* Featuers */ = {
			isa = PBXGroup;
			children = (
				BE12ABA52DEC9A8D00451E6F /* Favorites */,
				81C87E7D2DEB245B006851DB /* LeagueDetails */,
				BE65A0622DEB67AD00CFC602 /* Team */,
				BE02A61A2DEA39590077CC9E /* League */,
				BE701DBD2DE87EAF00FF3976 /* Home */,
				BE701DBC2DE87E9D00FF3976 /* Onboarding */,
				BE701DBB2DE87E8900FF3976 /* Splash */,
			);
			path = Featuers;
			sourceTree = "<group>";
		};
		BE701DBB2DE87E8900FF3976 /* Splash */ = {
			isa = PBXGroup;
			children = (
				8108C2412DE8379A0031F309 /* ViewController.swift */,
				8108C2432DE8379A0031F309 /* Main.storyboard */,
			);
			path = Splash;
			sourceTree = "<group>";
		};
		BE701DBC2DE87E9D00FF3976 /* Onboarding */ = {
			isa = PBXGroup;
			children = (
				81D6AB112DEACB060029DE4B /* Model */,
				81DBDED22DE88CFA00F1B6F4 /* View */,
			);
			path = Onboarding;
			sourceTree = "<group>";
		};
		BE701DBD2DE87EAF00FF3976 /* Home */ = {
			isa = PBXGroup;
			children = (
				81306D4D2DEA72D600218697 /* Model */,
				BE701DC62DE87F6000FF3976 /* Presenter */,
				BE701DC52DE87F5800FF3976 /* View */,
			);
			path = Home;
			sourceTree = "<group>";
		};
		BE701DBE2DE87EBB00FF3976 /* Model */ = {
			isa = PBXGroup;
			children = (
				BE701DC22DE87EF900FF3976 /* UserDefault */,
				BE701DC12DE87EEB00FF3976 /* LocalDataSource */,
				BE701DC02DE87EDD00FF3976 /* RemoteDataSource */,
				BE701DBF2DE87ECC00FF3976 /* Entities */,
			);
			path = Model;
			sourceTree = "<group>";
		};
		BE701DBF2DE87ECC00FF3976 /* Entities */ = {
			isa = PBXGroup;
			children = (
				8137E8802DEB9C0800124EE5 /* Fixture.swift */,
				81306D312DE9DCFE00218697 /* Team.swift */,
				81E4EC6A2DE9BD8B00AB7D9A /* League.swift */,
				81306D332DE9E72500218697 /* ApiResponse.swift */,
				BE7D1F9E2DECC78C00D88A0F /* LeageuLocal.swift */,
			);
			path = Entities;
			sourceTree = "<group>";
		};
		BE701DC02DE87EDD00FF3976 /* RemoteDataSource */ = {
			isa = PBXGroup;
			children = (
				BE02A6142DEA20D00077CC9E /* NetworkService.swift */,
			);
			path = RemoteDataSource;
			sourceTree = "<group>";
		};
		BE701DC12DE87EEB00FF3976 /* LocalDataSource */ = {
			isa = PBXGroup;
			children = (
				BE7D1FA02DECCAA600D88A0F /* LocalDataSource.swift */,
			);
			path = LocalDataSource;
			sourceTree = "<group>";
		};
		BE701DC22DE87EF900FF3976 /* UserDefault */ = {
			isa = PBXGroup;
			children = (
				BE701DCF2DE8980A00FF3976 /* UserDefault.swift */,
			);
			path = UserDefault;
			sourceTree = "<group>";
		};
		BE701DC52DE87F5800FF3976 /* View */ = {
			isa = PBXGroup;
			children = (
				81D6AB0F2DEACAC60029DE4B /* Controller */,
				81306D452DEA6A7200218697 /* HomeScreen.storyboard */,
				81306D482DEA6AE000218697 /* HomeCollectionViewCell.xib */,
			);
			path = View;
			sourceTree = "<group>";
		};
		BE701DC62DE87F6000FF3976 /* Presenter */ = {
			isa = PBXGroup;
			children = (
				81306D432DEA6A4400218697 /* HomePresenter.swift */,
			);
			path = Presenter;
			sourceTree = "<group>";
		};
		BE701DC72DE87F7000FF3976 /* Utiles */ = {
			isa = PBXGroup;
			children = (
				BEC0A3D92DF0861900DD9F35 /* Localization */,
				81566FD02DEF21290008F652 /* Extensions */,
				81251CED2DEE229E0079398D /* NetworkUtiles */,
				81E99E942DECBA2000C9D9E0 /* DateUtiles */,
				81D6AB122DEACB1F0029DE4B /* Enums */,
				BE02A6162DEA21010077CC9E /* Constant.swift */,
			);
			path = Utiles;
			sourceTree = "<group>";
		};
		BE701DC82DE886B400FF3976 /* Animation */ = {
			isa = PBXGroup;
			children = (
				BE7A98582DF237C300BF20E2 /* stad.gif */,
				BE7A98562DF226CB00BF20E2 /* spl.json */,
				BE65A0692DEB818200CFC602 /* ahly.gif */,
				BEB295532DF0D6BD0026FC91 /* empty.json */,
			);
			path = Animation;
			sourceTree = "<group>";
		};
		BE790FB52DF110CD0087A86A /* Colors */ = {
			isa = PBXGroup;
			children = (
				BE790FB62DF110E50087A86A /* Colors.swift */,
			);
			path = Colors;
			sourceTree = "<group>";
		};
		BE7D1FA22DECD17D00D88A0F /* Presenter */ = {
			isa = PBXGroup;
			children = (
				BE7D1FA32DECD1A300D88A0F /* FavPresenter.swift */,
			);
			path = Presenter;
			sourceTree = "<group>";
		};
		BEC0A3D92DF0861900DD9F35 /* Localization */ = {
			isa = PBXGroup;
			children = (
				BEC0A3DA2DF0863F00DD9F35 /* TeamMemberType.swift */,
			);
			path = Localization;
			sourceTree = "<group>";
		};
		D794FA479A3AC87DFDE65C9B /* Frameworks */ = {
			isa = PBXGroup;
			children = (
				E65A321DF1DA89952DF919EF /* Pods_Sportify.framework */,
				E3DE138ADFF0626F7DA6A8F9 /* Pods_SportifyTests.framework */,
			);
			name = Frameworks;
			sourceTree = "<group>";
		};
/* End PBXGroup section */

/* Begin PBXNativeTarget section */
		8108C2392DE8379A0031F309 /* Sportify */ = {
			isa = PBXNativeTarget;
			buildConfigurationList = 8108C2672DE8379F0031F309 /* Build configuration list for PBXNativeTarget "Sportify" */;
			buildPhases = (
				77C79D4A71EEDB2BD1135566 /* [CP] Check Pods Manifest.lock */,
				8108C2362DE8379A0031F309 /* Sources */,
				8108C2372DE8379A0031F309 /* Frameworks */,
				8108C2382DE8379A0031F309 /* Resources */,
				4CBF0EF9BD828B38A5D4D33F /* [CP] Embed Pods Frameworks */,
			);
			buildRules = (
			);
			dependencies = (
			);
			name = Sportify;
			productName = Sportify;
			productReference = 8108C23A2DE8379A0031F309 /* Sportify.app */;
			productType = "com.apple.product-type.application";
		};
		8108C2522DE8379F0031F309 /* SportifyTests */ = {
			isa = PBXNativeTarget;
			buildConfigurationList = 8108C26A2DE8379F0031F309 /* Build configuration list for PBXNativeTarget "SportifyTests" */;
			buildPhases = (
				50049BFE8E8E062124DE1FD4 /* [CP] Check Pods Manifest.lock */,
				8108C24F2DE8379F0031F309 /* Sources */,
				8108C2502DE8379F0031F309 /* Frameworks */,
				8108C2512DE8379F0031F309 /* Resources */,
			);
			buildRules = (
			);
			dependencies = (
				8108C2552DE8379F0031F309 /* PBXTargetDependency */,
			);
			name = SportifyTests;
			productName = SportifyTests;
			productReference = 8108C2532DE8379F0031F309 /* SportifyTests.xctest */;
			productType = "com.apple.product-type.bundle.unit-test";
		};
		8108C25C2DE8379F0031F309 /* SportifyUITests */ = {
			isa = PBXNativeTarget;
			buildConfigurationList = 8108C26D2DE8379F0031F309 /* Build configuration list for PBXNativeTarget "SportifyUITests" */;
			buildPhases = (
				8108C2592DE8379F0031F309 /* Sources */,
				8108C25A2DE8379F0031F309 /* Frameworks */,
				8108C25B2DE8379F0031F309 /* Resources */,
			);
			buildRules = (
			);
			dependencies = (
				8108C25F2DE8379F0031F309 /* PBXTargetDependency */,
			);
			name = SportifyUITests;
			productName = SportifyUITests;
			productReference = 8108C25D2DE8379F0031F309 /* SportifyUITests.xctest */;
			productType = "com.apple.product-type.bundle.ui-testing";
		};
/* End PBXNativeTarget section */

/* Begin PBXProject section */
		8108C2322DE8379A0031F309 /* Project object */ = {
			isa = PBXProject;
			attributes = {
				BuildIndependentTargetsInParallel = 1;
				LastSwiftUpdateCheck = 1420;
				LastUpgradeCheck = 1420;
				TargetAttributes = {
					8108C2392DE8379A0031F309 = {
						CreatedOnToolsVersion = 14.2;
					};
					8108C2522DE8379F0031F309 = {
						CreatedOnToolsVersion = 14.2;
						TestTargetID = 8108C2392DE8379A0031F309;
					};
					8108C25C2DE8379F0031F309 = {
						CreatedOnToolsVersion = 14.2;
						TestTargetID = 8108C2392DE8379A0031F309;
					};
				};
			};
			buildConfigurationList = 8108C2352DE8379A0031F309 /* Build configuration list for PBXProject "Sportify" */;
			compatibilityVersion = "Xcode 14.0";
			developmentRegion = en;
			hasScannedForEncodings = 0;
			knownRegions = (
				en,
				Base,
				ar,
			);
			mainGroup = 8108C2312DE8379A0031F309;
			productRefGroup = 8108C23B2DE8379A0031F309 /* Products */;
			projectDirPath = "";
			projectRoot = "";
			targets = (
				8108C2392DE8379A0031F309 /* Sportify */,
				8108C2522DE8379F0031F309 /* SportifyTests */,
				8108C25C2DE8379F0031F309 /* SportifyUITests */,
			);
		};
/* End PBXProject section */

/* Begin PBXResourcesBuildPhase section */
		8108C2382DE8379A0031F309 /* Resources */ = {
			isa = PBXResourcesBuildPhase;
			buildActionMask = 2147483647;
			files = (
				81C87E822DEB24DC006851DB /* LeagueDetailsScreen.storyboard in Resources */,
				BE65A06A2DEB818200CFC602 /* ahly.gif in Resources */,
				BE02A62A2DEA430B0077CC9E /* LeagueViewCell.xib in Resources */,
				8108C24D2DE8379E0031F309 /* LaunchScreen.storyboard in Resources */,
				BEC0A3D12DF06C4C00DD9F35 /* Localizable.strings in Resources */,
				81DBDED72DE8948100F1B6F4 /* OnBoardingScreen.storyboard in Resources */,
				BE7A98572DF226CB00BF20E2 /* spl.json in Resources */,
				810F53592DEB5B8E0008372D /* TeamsCollectionViewCell.xib in Resources */,
				81306D4A2DEA6AE000218697 /* HomeCollectionViewCell.xib in Resources */,
				81306D462DEA6A7200218697 /* HomeScreen.storyboard in Resources */,
				BE12ABAF2DECA67500451E6F /* FavCell.xib in Resources */,
				8108C24A2DE8379E0031F309 /* Assets.xcassets in Resources */,
				81C87E882DEB3994006851DB /* UpcomingCollectionViewCell.xib in Resources */,
				BE65A0742DEB884500CFC602 /* TeamStoryBoard.storyboard in Resources */,
				BEB295542DF0D6BD0026FC91 /* empty.json in Resources */,
				BE65A06F2DEB83AD00CFC602 /* PlayerCell.xib in Resources */,
				BE7A98592DF237C300BF20E2 /* stad.gif in Resources */,
				BE65A0672DEB67E900CFC602 /* TeamCell.xib in Resources */,
				BE12ABA82DEC9AE800451E6F /* Favorite.storyboard in Resources */,
				BE02A6242DEA41F30077CC9E /* League.storyboard in Resources */,
				81C87E922DEB5260006851DB /* LatestCollectionViewCell.xib in Resources */,
				8108C2452DE8379A0031F309 /* Main.storyboard in Resources */,
				BEB2955D2DF0DBCE0026FC91 /* EmptyCell.xib in Resources */,
			);
			runOnlyForDeploymentPostprocessing = 0;
		};
		8108C2512DE8379F0031F309 /* Resources */ = {
			isa = PBXResourcesBuildPhase;
			buildActionMask = 2147483647;
			files = (
				BE65A0702DEB83AD00CFC602 /* PlayerCell.xib in Resources */,
				BE65A0682DEB67E900CFC602 /* TeamCell.xib in Resources */,
				BE65A0752DEB884500CFC602 /* TeamStoryBoard.storyboard in Resources */,
			);
			runOnlyForDeploymentPostprocessing = 0;
		};
		8108C25B2DE8379F0031F309 /* Resources */ = {
			isa = PBXResourcesBuildPhase;
			buildActionMask = 2147483647;
			files = (
			);
			runOnlyForDeploymentPostprocessing = 0;
		};
/* End PBXResourcesBuildPhase section */

/* Begin PBXShellScriptBuildPhase section */
		4CBF0EF9BD828B38A5D4D33F /* [CP] Embed Pods Frameworks */ = {
			isa = PBXShellScriptBuildPhase;
			buildActionMask = 2147483647;
			files = (
			);
			inputFileListPaths = (
				"${PODS_ROOT}/Target Support Files/Pods-Sportify/Pods-Sportify-frameworks-${CONFIGURATION}-input-files.xcfilelist",
			);
			name = "[CP] Embed Pods Frameworks";
			outputFileListPaths = (
				"${PODS_ROOT}/Target Support Files/Pods-Sportify/Pods-Sportify-frameworks-${CONFIGURATION}-output-files.xcfilelist",
			);
			runOnlyForDeploymentPostprocessing = 0;
			shellPath = /bin/sh;
			shellScript = "\"${PODS_ROOT}/Target Support Files/Pods-Sportify/Pods-Sportify-frameworks.sh\"\n";
			showEnvVarsInLog = 0;
		};
		50049BFE8E8E062124DE1FD4 /* [CP] Check Pods Manifest.lock */ = {
			isa = PBXShellScriptBuildPhase;
			buildActionMask = 2147483647;
			files = (
			);
			inputFileListPaths = (
			);
			inputPaths = (
				"${PODS_PODFILE_DIR_PATH}/Podfile.lock",
				"${PODS_ROOT}/Manifest.lock",
			);
			name = "[CP] Check Pods Manifest.lock";
			outputFileListPaths = (
			);
			outputPaths = (
				"$(DERIVED_FILE_DIR)/Pods-SportifyTests-checkManifestLockResult.txt",
			);
			runOnlyForDeploymentPostprocessing = 0;
			shellPath = /bin/sh;
			shellScript = "diff \"${PODS_PODFILE_DIR_PATH}/Podfile.lock\" \"${PODS_ROOT}/Manifest.lock\" > /dev/null\nif [ $? != 0 ] ; then\n    # print error to STDERR\n    echo \"error: The sandbox is not in sync with the Podfile.lock. Run 'pod install' or update your CocoaPods installation.\" >&2\n    exit 1\nfi\n# This output is used by Xcode 'outputs' to avoid re-running this script phase.\necho \"SUCCESS\" > \"${SCRIPT_OUTPUT_FILE_0}\"\n";
			showEnvVarsInLog = 0;
		};
		77C79D4A71EEDB2BD1135566 /* [CP] Check Pods Manifest.lock */ = {
			isa = PBXShellScriptBuildPhase;
			buildActionMask = 2147483647;
			files = (
			);
			inputFileListPaths = (
			);
			inputPaths = (
				"${PODS_PODFILE_DIR_PATH}/Podfile.lock",
				"${PODS_ROOT}/Manifest.lock",
			);
			name = "[CP] Check Pods Manifest.lock";
			outputFileListPaths = (
			);
			outputPaths = (
				"$(DERIVED_FILE_DIR)/Pods-Sportify-checkManifestLockResult.txt",
			);
			runOnlyForDeploymentPostprocessing = 0;
			shellPath = /bin/sh;
			shellScript = "diff \"${PODS_PODFILE_DIR_PATH}/Podfile.lock\" \"${PODS_ROOT}/Manifest.lock\" > /dev/null\nif [ $? != 0 ] ; then\n    # print error to STDERR\n    echo \"error: The sandbox is not in sync with the Podfile.lock. Run 'pod install' or update your CocoaPods installation.\" >&2\n    exit 1\nfi\n# This output is used by Xcode 'outputs' to avoid re-running this script phase.\necho \"SUCCESS\" > \"${SCRIPT_OUTPUT_FILE_0}\"\n";
			showEnvVarsInLog = 0;
		};
/* End PBXShellScriptBuildPhase section */

/* Begin PBXSourcesBuildPhase section */
		8108C2362DE8379A0031F309 /* Sources */ = {
			isa = PBXSourcesBuildPhase;
			buildActionMask = 2147483647;
			files = (
				BE02A6172DEA21010077CC9E /* Constant.swift in Sources */,
				BE790FB72DF110E50087A86A /* Colors.swift in Sources */,
				81566FD32DEF220B0008F652 /* UIViewController+Alert.swift in Sources */,
				BE7D1F9F2DECC78C00D88A0F /* LeageuLocal.swift in Sources */,
				81306D492DEA6AE000218697 /* HomeCollectionViewCell.swift in Sources */,
				8108C2422DE8379A0031F309 /* ViewController.swift in Sources */,
				81E99E962DECBA4100C9D9E0 /* DateUtility.swift in Sources */,
				81C87E842DEB2578006851DB /* DetailsCollectionViewController.swift in Sources */,
				BE02A6262DEA42750077CC9E /* LeagueTableViewController.swift in Sources */,
				8108C2482DE8379A0031F309 /* Sportify.xcdatamodeld in Sources */,
				BEC0A3DB2DF0863F00DD9F35 /* TeamMemberType.swift in Sources */,
				810F535B2DEB699D0008372D /* LeagueDetailsPresenter.swift in Sources */,
				BE7D1FA12DECCAA600D88A0F /* LocalDataSource.swift in Sources */,
				BE02A6292DEA430B0077CC9E /* LeagueViewCell.swift in Sources */,
				81251CEF2DEE22C40079398D /* NetworkManager.swift in Sources */,
				8137E8812DEB9C0800124EE5 /* Fixture.swift in Sources */,
				81C87E912DEB5260006851DB /* LatestCollectionViewCell.swift in Sources */,
				81C87E872DEB3994006851DB /* UpcomingCollectionViewCell.swift in Sources */,
				BEB2955C2DF0DBCE0026FC91 /* EmptyCell.swift in Sources */,
				BE701DD02DE8980A00FF3976 /* UserDefault.swift in Sources */,
				8108C23E2DE8379A0031F309 /* AppDelegate.swift in Sources */,
				BE12ABAA2DEC9B8A00451E6F /* FavTableController.swift in Sources */,
				810F53582DEB5B8E0008372D /* TeamsCollectionViewCell.swift in Sources */,
				8108C2402DE8379A0031F309 /* SceneDelegate.swift in Sources */,
				81E4EC6B2DE9BD8B00AB7D9A /* League.swift in Sources */,
				81DAA1282DF09C2000453C36 /* OnBoardingViewController.swift in Sources */,
				81306D4F2DEA72F200218697 /* SportItem .swift in Sources */,
				BE65A06D2DEB83AD00CFC602 /* PlayerCell.swift in Sources */,
				BE02A6152DEA20D00077CC9E /* NetworkService.swift in Sources */,
				BE6BAC022DEF84DF004A52A4 /* Gif.swift in Sources */,
				81E40DEA2DF1CDBE00F1C2D1 /* LoadingIndicatorUtil.swift in Sources */,
				81306D4C2DEA6EE800218697 /* HomeCollectionViewController.swift in Sources */,
				81DAA1262DF09BB400453C36 /* OnBoardingSlidesViewController.swift in Sources */,
				BE02A62F2DEA60100077CC9E /* LeageuPresenter.swift in Sources */,
				BE65A0772DEB887D00CFC602 /* PlayerTableController.swift in Sources */,
				81D6AB0E2DEAA89A0029DE4B /* CustomTabBarController.swift in Sources */,
				81D6AB162DEACD410029DE4B /* APIMethods.swift in Sources */,
				BE65A07B2DEB9F1300CFC602 /* TeamPresenter.swift in Sources */,
				81D6AB142DEACB440029DE4B /* SportsEnum.swift in Sources */,
				BE7D1FA42DECD1A300D88A0F /* FavPresenter.swift in Sources */,
				81DAA12E2DF101D900453C36 /* UIImage+Resize.swift in Sources */,
				81306D322DE9DCFE00218697 /* Team.swift in Sources */,
				81306D342DE9E72500218697 /* ApiResponse.swift in Sources */,
				BE65A0652DEB67E900CFC602 /* TeamCell.swift in Sources */,
				81306D442DEA6A4400218697 /* HomePresenter.swift in Sources */,
				81DBDEDB2DE898A400F1B6F4 /* OnBoardingSlides.swift in Sources */,
				BE12ABAE2DECA67500451E6F /* FavCell.swift in Sources */,
			);
			runOnlyForDeploymentPostprocessing = 0;
		};
		8108C24F2DE8379F0031F309 /* Sources */ = {
			isa = PBXSourcesBuildPhase;
			buildActionMask = 2147483647;
			files = (
				81DAA12B2DF0F04500453C36 /* TeamMemberType.swift in Sources */,
				818EB9772DF0913C002A6EAA /* MockReachability.swift in Sources */,
				81251CEB2DEDFA5D0079398D /* NetworkService.swift in Sources */,
				BE65A06E2DEB83AD00CFC602 /* PlayerCell.swift in Sources */,
				BE65A07C2DEB9F1300CFC602 /* TeamPresenter.swift in Sources */,
				81251CE92DEDFA3A0079398D /* LeageuLocal.swift in Sources */,
				81251CEA2DEDFA3F0079398D /* ApiResponse.swift in Sources */,
				818EB9752DF0913C002A6EAA /* FakeNetworkService.swift in Sources */,
				81251CE82DEDFA350079398D /* League.swift in Sources */,
				81251CE72DEDFA320079398D /* Team.swift in Sources */,
				BE790FB82DF110E90087A86A /* Colors.swift in Sources */,
				BE65A0662DEB67E900CFC602 /* TeamCell.swift in Sources */,
				8108C2582DE8379F0031F309 /* SportifyTests.swift in Sources */,
				BE65A0782DEB887D00CFC602 /* PlayerTableController.swift in Sources */,
				81251CE62DEDFA2C0079398D /* Fixture.swift in Sources */,
				81251CEC2DEDFB760079398D /* Constant.swift in Sources */,
				81DAA1242DF0970500453C36 /* Gif.swift in Sources */,
			);
			runOnlyForDeploymentPostprocessing = 0;
		};
		8108C2592DE8379F0031F309 /* Sources */ = {
			isa = PBXSourcesBuildPhase;
			buildActionMask = 2147483647;
			files = (
				8108C2642DE8379F0031F309 /* SportifyUITestsLaunchTests.swift in Sources */,
				BE790FB92DF110EA0087A86A /* Colors.swift in Sources */,
				8108C2622DE8379F0031F309 /* SportifyUITests.swift in Sources */,
			);
			runOnlyForDeploymentPostprocessing = 0;
		};
/* End PBXSourcesBuildPhase section */

/* Begin PBXTargetDependency section */
		8108C2552DE8379F0031F309 /* PBXTargetDependency */ = {
			isa = PBXTargetDependency;
			target = 8108C2392DE8379A0031F309 /* Sportify */;
			targetProxy = 8108C2542DE8379F0031F309 /* PBXContainerItemProxy */;
		};
		8108C25F2DE8379F0031F309 /* PBXTargetDependency */ = {
			isa = PBXTargetDependency;
			target = 8108C2392DE8379A0031F309 /* Sportify */;
			targetProxy = 8108C25E2DE8379F0031F309 /* PBXContainerItemProxy */;
		};
/* End PBXTargetDependency section */

/* Begin PBXVariantGroup section */
		8108C2432DE8379A0031F309 /* Main.storyboard */ = {
			isa = PBXVariantGroup;
			children = (
				8108C2442DE8379A0031F309 /* Base */,
				BEC0A3D42DF06C6A00DD9F35 /* ar */,
				BEC0A3D82DF06C7D00DD9F35 /* en */,
			);
			name = Main.storyboard;
			sourceTree = "<group>";
		};
		8108C24B2DE8379E0031F309 /* LaunchScreen.storyboard */ = {
			isa = PBXVariantGroup;
			children = (
				8108C24C2DE8379E0031F309 /* Base */,
				BEC0A3D52DF06C6B00DD9F35 /* ar */,
			);
			name = LaunchScreen.storyboard;
			sourceTree = "<group>";
		};
		BEC0A3D32DF06C4C00DD9F35 /* Localizable.strings */ = {
			isa = PBXVariantGroup;
			children = (
				BEC0A3D22DF06C4C00DD9F35 /* en */,
				BEC0A3D62DF06C6B00DD9F35 /* ar */,
			);
			name = Localizable.strings;
			sourceTree = "<group>";
		};
/* End PBXVariantGroup section */

/* Begin XCBuildConfiguration section */
		8108C2652DE8379F0031F309 /* Debug */ = {
			isa = XCBuildConfiguration;
			buildSettings = {
				ALWAYS_SEARCH_USER_PATHS = NO;
				CLANG_ANALYZER_LOCALIZABILITY_NONLOCALIZED = YES;
				CLANG_ANALYZER_NONNULL = YES;
				CLANG_ANALYZER_NUMBER_OBJECT_CONVERSION = YES_AGGRESSIVE;
				CLANG_CXX_LANGUAGE_STANDARD = "gnu++20";
				CLANG_ENABLE_MODULES = YES;
				CLANG_ENABLE_OBJC_ARC = YES;
				CLANG_ENABLE_OBJC_WEAK = YES;
				CLANG_WARN_BLOCK_CAPTURE_AUTORELEASING = YES;
				CLANG_WARN_BOOL_CONVERSION = YES;
				CLANG_WARN_COMMA = YES;
				CLANG_WARN_CONSTANT_CONVERSION = YES;
				CLANG_WARN_DEPRECATED_OBJC_IMPLEMENTATIONS = YES;
				CLANG_WARN_DIRECT_OBJC_ISA_USAGE = YES_ERROR;
				CLANG_WARN_DOCUMENTATION_COMMENTS = YES;
				CLANG_WARN_EMPTY_BODY = YES;
				CLANG_WARN_ENUM_CONVERSION = YES;
				CLANG_WARN_INFINITE_RECURSION = YES;
				CLANG_WARN_INT_CONVERSION = YES;
				CLANG_WARN_NON_LITERAL_NULL_CONVERSION = YES;
				CLANG_WARN_OBJC_IMPLICIT_RETAIN_SELF = YES;
				CLANG_WARN_OBJC_LITERAL_CONVERSION = YES;
				CLANG_WARN_OBJC_ROOT_CLASS = YES_ERROR;
				CLANG_WARN_QUOTED_INCLUDE_IN_FRAMEWORK_HEADER = YES;
				CLANG_WARN_RANGE_LOOP_ANALYSIS = YES;
				CLANG_WARN_STRICT_PROTOTYPES = YES;
				CLANG_WARN_SUSPICIOUS_MOVE = YES;
				CLANG_WARN_UNGUARDED_AVAILABILITY = YES_AGGRESSIVE;
				CLANG_WARN_UNREACHABLE_CODE = YES;
				CLANG_WARN__DUPLICATE_METHOD_MATCH = YES;
				COPY_PHASE_STRIP = NO;
				DEBUG_INFORMATION_FORMAT = dwarf;
				ENABLE_STRICT_OBJC_MSGSEND = YES;
				ENABLE_TESTABILITY = YES;
				GCC_C_LANGUAGE_STANDARD = gnu11;
				GCC_DYNAMIC_NO_PIC = NO;
				GCC_NO_COMMON_BLOCKS = YES;
				GCC_OPTIMIZATION_LEVEL = 0;
				GCC_PREPROCESSOR_DEFINITIONS = (
					"DEBUG=1",
					"$(inherited)",
				);
				GCC_WARN_64_TO_32_BIT_CONVERSION = YES;
				GCC_WARN_ABOUT_RETURN_TYPE = YES_ERROR;
				GCC_WARN_UNDECLARED_SELECTOR = YES;
				GCC_WARN_UNINITIALIZED_AUTOS = YES_AGGRESSIVE;
				GCC_WARN_UNUSED_FUNCTION = YES;
				GCC_WARN_UNUSED_VARIABLE = YES;
				IPHONEOS_DEPLOYMENT_TARGET = 16.2;
				MTL_ENABLE_DEBUG_INFO = INCLUDE_SOURCE;
				MTL_FAST_MATH = YES;
				ONLY_ACTIVE_ARCH = YES;
				SDKROOT = iphoneos;
				SWIFT_ACTIVE_COMPILATION_CONDITIONS = DEBUG;
				SWIFT_OPTIMIZATION_LEVEL = "-Onone";
			};
			name = Debug;
		};
		8108C2662DE8379F0031F309 /* Release */ = {
			isa = XCBuildConfiguration;
			buildSettings = {
				ALWAYS_SEARCH_USER_PATHS = NO;
				CLANG_ANALYZER_LOCALIZABILITY_NONLOCALIZED = YES;
				CLANG_ANALYZER_NONNULL = YES;
				CLANG_ANALYZER_NUMBER_OBJECT_CONVERSION = YES_AGGRESSIVE;
				CLANG_CXX_LANGUAGE_STANDARD = "gnu++20";
				CLANG_ENABLE_MODULES = YES;
				CLANG_ENABLE_OBJC_ARC = YES;
				CLANG_ENABLE_OBJC_WEAK = YES;
				CLANG_WARN_BLOCK_CAPTURE_AUTORELEASING = YES;
				CLANG_WARN_BOOL_CONVERSION = YES;
				CLANG_WARN_COMMA = YES;
				CLANG_WARN_CONSTANT_CONVERSION = YES;
				CLANG_WARN_DEPRECATED_OBJC_IMPLEMENTATIONS = YES;
				CLANG_WARN_DIRECT_OBJC_ISA_USAGE = YES_ERROR;
				CLANG_WARN_DOCUMENTATION_COMMENTS = YES;
				CLANG_WARN_EMPTY_BODY = YES;
				CLANG_WARN_ENUM_CONVERSION = YES;
				CLANG_WARN_INFINITE_RECURSION = YES;
				CLANG_WARN_INT_CONVERSION = YES;
				CLANG_WARN_NON_LITERAL_NULL_CONVERSION = YES;
				CLANG_WARN_OBJC_IMPLICIT_RETAIN_SELF = YES;
				CLANG_WARN_OBJC_LITERAL_CONVERSION = YES;
				CLANG_WARN_OBJC_ROOT_CLASS = YES_ERROR;
				CLANG_WARN_QUOTED_INCLUDE_IN_FRAMEWORK_HEADER = YES;
				CLANG_WARN_RANGE_LOOP_ANALYSIS = YES;
				CLANG_WARN_STRICT_PROTOTYPES = YES;
				CLANG_WARN_SUSPICIOUS_MOVE = YES;
				CLANG_WARN_UNGUARDED_AVAILABILITY = YES_AGGRESSIVE;
				CLANG_WARN_UNREACHABLE_CODE = YES;
				CLANG_WARN__DUPLICATE_METHOD_MATCH = YES;
				COPY_PHASE_STRIP = NO;
				DEBUG_INFORMATION_FORMAT = "dwarf-with-dsym";
				ENABLE_NS_ASSERTIONS = NO;
				ENABLE_STRICT_OBJC_MSGSEND = YES;
				GCC_C_LANGUAGE_STANDARD = gnu11;
				GCC_NO_COMMON_BLOCKS = YES;
				GCC_WARN_64_TO_32_BIT_CONVERSION = YES;
				GCC_WARN_ABOUT_RETURN_TYPE = YES_ERROR;
				GCC_WARN_UNDECLARED_SELECTOR = YES;
				GCC_WARN_UNINITIALIZED_AUTOS = YES_AGGRESSIVE;
				GCC_WARN_UNUSED_FUNCTION = YES;
				GCC_WARN_UNUSED_VARIABLE = YES;
				IPHONEOS_DEPLOYMENT_TARGET = 16.2;
				MTL_ENABLE_DEBUG_INFO = NO;
				MTL_FAST_MATH = YES;
				SDKROOT = iphoneos;
				SWIFT_COMPILATION_MODE = wholemodule;
				SWIFT_OPTIMIZATION_LEVEL = "-O";
				VALIDATE_PRODUCT = YES;
			};
			name = Release;
		};
		8108C2682DE8379F0031F309 /* Debug */ = {
			isa = XCBuildConfiguration;
			baseConfigurationReference = 5B2B9BD38F66DF7220EAF5D6 /* Pods-Sportify.debug.xcconfig */;
			buildSettings = {
				ASSETCATALOG_COMPILER_APPICON_NAME = AppIcon;
				ASSETCATALOG_COMPILER_GLOBAL_ACCENT_COLOR_NAME = AccentColor;
				CODE_SIGN_STYLE = Automatic;
				CURRENT_PROJECT_VERSION = 1;
				GENERATE_INFOPLIST_FILE = YES;
				INFOPLIST_FILE = Sportify/Info.plist;
				INFOPLIST_KEY_UIApplicationSupportsIndirectInputEvents = YES;
				INFOPLIST_KEY_UILaunchStoryboardName = LaunchScreen;
				INFOPLIST_KEY_UIMainStoryboardFile = Main;
				INFOPLIST_KEY_UISupportedInterfaceOrientations_iPad = "UIInterfaceOrientationPortrait UIInterfaceOrientationPortraitUpsideDown UIInterfaceOrientationLandscapeLeft UIInterfaceOrientationLandscapeRight";
				INFOPLIST_KEY_UISupportedInterfaceOrientations_iPhone = "UIInterfaceOrientationPortrait UIInterfaceOrientationLandscapeLeft UIInterfaceOrientationLandscapeRight";
				LD_RUNPATH_SEARCH_PATHS = (
					"$(inherited)",
					"@executable_path/Frameworks",
				);
				MARKETING_VERSION = 1.0;
				PRODUCT_BUNDLE_IDENTIFIER = iti.Sportify;
				PRODUCT_NAME = "$(TARGET_NAME)";
				SWIFT_EMIT_LOC_STRINGS = YES;
				SWIFT_VERSION = 5.0;
				TARGETED_DEVICE_FAMILY = "1,2";
			};
			name = Debug;
		};
		8108C2692DE8379F0031F309 /* Release */ = {
			isa = XCBuildConfiguration;
			baseConfigurationReference = 67AD004684BA0C8FE367D592 /* Pods-Sportify.release.xcconfig */;
			buildSettings = {
				ASSETCATALOG_COMPILER_APPICON_NAME = AppIcon;
				ASSETCATALOG_COMPILER_GLOBAL_ACCENT_COLOR_NAME = AccentColor;
				CODE_SIGN_STYLE = Automatic;
				CURRENT_PROJECT_VERSION = 1;
				GENERATE_INFOPLIST_FILE = YES;
				INFOPLIST_FILE = Sportify/Info.plist;
				INFOPLIST_KEY_UIApplicationSupportsIndirectInputEvents = YES;
				INFOPLIST_KEY_UILaunchStoryboardName = LaunchScreen;
				INFOPLIST_KEY_UIMainStoryboardFile = Main;
				INFOPLIST_KEY_UISupportedInterfaceOrientations_iPad = "UIInterfaceOrientationPortrait UIInterfaceOrientationPortraitUpsideDown UIInterfaceOrientationLandscapeLeft UIInterfaceOrientationLandscapeRight";
				INFOPLIST_KEY_UISupportedInterfaceOrientations_iPhone = "UIInterfaceOrientationPortrait UIInterfaceOrientationLandscapeLeft UIInterfaceOrientationLandscapeRight";
				LD_RUNPATH_SEARCH_PATHS = (
					"$(inherited)",
					"@executable_path/Frameworks",
				);
				MARKETING_VERSION = 1.0;
				PRODUCT_BUNDLE_IDENTIFIER = iti.Sportify;
				PRODUCT_NAME = "$(TARGET_NAME)";
				SWIFT_EMIT_LOC_STRINGS = YES;
				SWIFT_VERSION = 5.0;
				TARGETED_DEVICE_FAMILY = "1,2";
			};
			name = Release;
		};
		8108C26B2DE8379F0031F309 /* Debug */ = {
			isa = XCBuildConfiguration;
			baseConfigurationReference = C66584A08E7A6E6CCA470094 /* Pods-SportifyTests.debug.xcconfig */;
			buildSettings = {
				ALWAYS_EMBED_SWIFT_STANDARD_LIBRARIES = YES;
				BUNDLE_LOADER = "$(TEST_HOST)";
				CODE_SIGN_STYLE = Automatic;
				CURRENT_PROJECT_VERSION = 1;
				GENERATE_INFOPLIST_FILE = YES;
				IPHONEOS_DEPLOYMENT_TARGET = 16.2;
				MARKETING_VERSION = 1.0;
				PRODUCT_BUNDLE_IDENTIFIER = iti.SportifyTests;
				PRODUCT_NAME = "$(TARGET_NAME)";
				SWIFT_EMIT_LOC_STRINGS = NO;
				SWIFT_VERSION = 5.0;
				TARGETED_DEVICE_FAMILY = "1,2";
				TEST_HOST = "$(BUILT_PRODUCTS_DIR)/Sportify.app/$(BUNDLE_EXECUTABLE_FOLDER_PATH)/Sportify";
			};
			name = Debug;
		};
		8108C26C2DE8379F0031F309 /* Release */ = {
			isa = XCBuildConfiguration;
			baseConfigurationReference = A63F340BAE6FB242A78AD3AE /* Pods-SportifyTests.release.xcconfig */;
			buildSettings = {
				ALWAYS_EMBED_SWIFT_STANDARD_LIBRARIES = YES;
				BUNDLE_LOADER = "$(TEST_HOST)";
				CODE_SIGN_STYLE = Automatic;
				CURRENT_PROJECT_VERSION = 1;
				GENERATE_INFOPLIST_FILE = YES;
				IPHONEOS_DEPLOYMENT_TARGET = 16.2;
				MARKETING_VERSION = 1.0;
				PRODUCT_BUNDLE_IDENTIFIER = iti.SportifyTests;
				PRODUCT_NAME = "$(TARGET_NAME)";
				SWIFT_EMIT_LOC_STRINGS = NO;
				SWIFT_VERSION = 5.0;
				TARGETED_DEVICE_FAMILY = "1,2";
				TEST_HOST = "$(BUILT_PRODUCTS_DIR)/Sportify.app/$(BUNDLE_EXECUTABLE_FOLDER_PATH)/Sportify";
			};
			name = Release;
		};
		8108C26E2DE8379F0031F309 /* Debug */ = {
			isa = XCBuildConfiguration;
			buildSettings = {
				ALWAYS_EMBED_SWIFT_STANDARD_LIBRARIES = YES;
				CODE_SIGN_STYLE = Automatic;
				CURRENT_PROJECT_VERSION = 1;
				GENERATE_INFOPLIST_FILE = YES;
				MARKETING_VERSION = 1.0;
				PRODUCT_BUNDLE_IDENTIFIER = iti.SportifyUITests;
				PRODUCT_NAME = "$(TARGET_NAME)";
				SWIFT_EMIT_LOC_STRINGS = NO;
				SWIFT_VERSION = 5.0;
				TARGETED_DEVICE_FAMILY = "1,2";
				TEST_TARGET_NAME = Sportify;
			};
			name = Debug;
		};
		8108C26F2DE8379F0031F309 /* Release */ = {
			isa = XCBuildConfiguration;
			buildSettings = {
				ALWAYS_EMBED_SWIFT_STANDARD_LIBRARIES = YES;
				CODE_SIGN_STYLE = Automatic;
				CURRENT_PROJECT_VERSION = 1;
				GENERATE_INFOPLIST_FILE = YES;
				MARKETING_VERSION = 1.0;
				PRODUCT_BUNDLE_IDENTIFIER = iti.SportifyUITests;
				PRODUCT_NAME = "$(TARGET_NAME)";
				SWIFT_EMIT_LOC_STRINGS = NO;
				SWIFT_VERSION = 5.0;
				TARGETED_DEVICE_FAMILY = "1,2";
				TEST_TARGET_NAME = Sportify;
			};
			name = Release;
		};
/* End XCBuildConfiguration section */

/* Begin XCConfigurationList section */
		8108C2352DE8379A0031F309 /* Build configuration list for PBXProject "Sportify" */ = {
			isa = XCConfigurationList;
			buildConfigurations = (
				8108C2652DE8379F0031F309 /* Debug */,
				8108C2662DE8379F0031F309 /* Release */,
			);
			defaultConfigurationIsVisible = 0;
			defaultConfigurationName = Release;
		};
		8108C2672DE8379F0031F309 /* Build configuration list for PBXNativeTarget "Sportify" */ = {
			isa = XCConfigurationList;
			buildConfigurations = (
				8108C2682DE8379F0031F309 /* Debug */,
				8108C2692DE8379F0031F309 /* Release */,
			);
			defaultConfigurationIsVisible = 0;
			defaultConfigurationName = Release;
		};
		8108C26A2DE8379F0031F309 /* Build configuration list for PBXNativeTarget "SportifyTests" */ = {
			isa = XCConfigurationList;
			buildConfigurations = (
				8108C26B2DE8379F0031F309 /* Debug */,
				8108C26C2DE8379F0031F309 /* Release */,
			);
			defaultConfigurationIsVisible = 0;
			defaultConfigurationName = Release;
		};
		8108C26D2DE8379F0031F309 /* Build configuration list for PBXNativeTarget "SportifyUITests" */ = {
			isa = XCConfigurationList;
			buildConfigurations = (
				8108C26E2DE8379F0031F309 /* Debug */,
				8108C26F2DE8379F0031F309 /* Release */,
			);
			defaultConfigurationIsVisible = 0;
			defaultConfigurationName = Release;
		};
/* End XCConfigurationList section */

/* Begin XCVersionGroup section */
		8108C2462DE8379A0031F309 /* Sportify.xcdatamodeld */ = {
			isa = XCVersionGroup;
			children = (
				8108C2472DE8379A0031F309 /* Sportify.xcdatamodel */,
			);
			currentVersion = 8108C2472DE8379A0031F309 /* Sportify.xcdatamodel */;
			path = Sportify.xcdatamodeld;
			sourceTree = "<group>";
			versionGroupType = wrapper.xcdatamodel;
		};
/* End XCVersionGroup section */
	};
	rootObject = 8108C2322DE8379A0031F309 /* Project object */;
}
